
Microsoft Visual Studio Solution File, Format Version 12.00
# Visual Studio Version 17
VisualStudioVersion = 17.8.34511.84
MinimumVisualStudioVersion = 10.0.40219.1
Project("{FAE04EC0-301F-11D3-BF4B-00C04F79EFBC}") = "MyFavoritePlaces", "MyFavoritePlaces\MyFavoritePlaces.csproj", "{EECE21B9-55D2-4BE7-A77F-848716386225}"
EndProject
Global
	GlobalSection(SolutionConfigurationPlatforms) = preSolution
		Debug|Any CPU = Debug|Any CPU
		Release|Any CPU = Release|Any CPU
	EndGlobalSection
	GlobalSection(ProjectConfigurationPlatforms) = postSolution
		{EECE21B9-55D2-4BE7-A77F-848716386225}.Debug|Any CPU.ActiveCfg = Debug|Any CPU
		{EECE21B9-55D2-4BE7-A77F-848716386225}.Debug|Any CPU.Build.0 = Debug|Any CPU
		{EECE21B9-55D2-4BE7-A77F-848716386225}.Release|Any CPU.ActiveCfg = Release|Any CPU
		{EECE21B9-55D2-4BE7-A77F-848716386225}.Release|Any CPU.Build.0 = Release|Any CPU
	EndGlobalSection
	GlobalSection(SolutionProperties) = preSolution
		HideSolutionNode = FALSE
	EndGlobalSection
	GlobalSection(ExtensibilityGlobals) = postSolution
		SolutionGuid = {B805284D-1F1B-435A-9173-39E92D642E0D}
	EndGlobalSection
EndGlobal
